
Microsoft Visual Studio Solution File, Format Version 12.00
# Visual Studio 2012
Project("{FAE04EC0-301F-11D3-BF4B-00C04F79EFBC}") = "ZXEmulatorLibrary", "ZXEmulatorLibrary\ZXEmulatorLibrary.csproj", "{A66187D9-CAB9-4492-A595-E4B6FED90148}"
EndProject
Project("{FAE04EC0-301F-11D3-BF4B-00C04F79EFBC}") = "ZXEmulatorCLI", "ZXEmulatorCLI\ZXEmulatorCLI.csproj", "{6DFC2FEB-9F22-456A-9498-F0141B7DA11C}"
EndProject
Global
	GlobalSection(SolutionConfigurationPlatforms) = preSolution
		Debug|Any CPU = Debug|Any CPU
		Release|Any CPU = Release|Any CPU
	EndGlobalSection
	GlobalSection(ProjectConfigurationPlatforms) = postSolution
		{A66187D9-CAB9-4492-A595-E4B6FED90148}.Debug|Any CPU.ActiveCfg = Debug|Any CPU
		{A66187D9-CAB9-4492-A595-E4B6FED90148}.Debug|Any CPU.Build.0 = Debug|Any CPU
		{A66187D9-CAB9-4492-A595-E4B6FED90148}.Release|Any CPU.ActiveCfg = Release|Any CPU
		{A66187D9-CAB9-4492-A595-E4B6FED90148}.Release|Any CPU.Build.0 = Release|Any CPU
		{6DFC2FEB-9F22-456A-9498-F0141B7DA11C}.Debug|Any CPU.ActiveCfg = Debug|Any CPU
		{6DFC2FEB-9F22-456A-9498-F0141B7DA11C}.Debug|Any CPU.Build.0 = Debug|Any CPU
		{6DFC2FEB-9F22-456A-9498-F0141B7DA11C}.Release|Any CPU.ActiveCfg = Release|Any CPU
		{6DFC2FEB-9F22-456A-9498-F0141B7DA11C}.Release|Any CPU.Build.0 = Release|Any CPU
	EndGlobalSection
	GlobalSection(SolutionProperties) = preSolution
		HideSolutionNode = FALSE
	EndGlobalSection
EndGlobal
